
Microsoft Visual Studio Solution File, Format Version 12.00
# Visual Studio 15
VisualStudioVersion = 15.0.26430.6
MinimumVisualStudioVersion = 10.0.40219.1
Project("{FAE04EC0-301F-11D3-BF4B-00C04F79EFBC}") = "Lab9", "Lab9.csproj", "{B6ED7296-FC75-4B83-A326-5ADC7272FF15}"
EndProject
Global
	GlobalSection(SolutionConfigurationPlatforms) = preSolution
		Debug|Any CPU = Debug|Any CPU
		Release|Any CPU = Release|Any CPU
	EndGlobalSection
	GlobalSection(ProjectConfigurationPlatforms) = postSolution
		{B6ED7296-FC75-4B83-A326-5ADC7272FF15}.Debug|Any CPU.ActiveCfg = Debug|Any CPU
		{B6ED7296-FC75-4B83-A326-5ADC7272FF15}.Debug|Any CPU.Build.0 = Debug|Any CPU
		{B6ED7296-FC75-4B83-A326-5ADC7272FF15}.Release|Any CPU.ActiveCfg = Release|Any CPU
		{B6ED7296-FC75-4B83-A326-5ADC7272FF15}.Release|Any CPU.Build.0 = Release|Any CPU
	EndGlobalSection
	GlobalSection(SolutionProperties) = preSolution
		HideSolutionNode = FALSE
	EndGlobalSection
	GlobalSection(ExtensibilityGlobals) = postSolution
		SolutionGuid = {679C3301-7C6B-4DCB-9114-2868A1DD7467}
	EndGlobalSection
EndGlobal
